
Microsoft Visual Studio Solution File, Format Version 12.00
# Visual Studio Version 17
VisualStudioVersion = 17.10.35027.167
MinimumVisualStudioVersion = 10.0.40219.1
Project("{FAE04EC0-301F-11D3-BF4B-00C04F79EFBC}") = "doan", "doan\doan.csproj", "{899A3D12-D540-4814-A775-D3C7ED7F2004}"
EndProject
Global
	GlobalSection(SolutionConfigurationPlatforms) = preSolution
		Debug|Any CPU = Debug|Any CPU
		Release|Any CPU = Release|Any CPU
	EndGlobalSection
	GlobalSection(ProjectConfigurationPlatforms) = postSolution
		{899A3D12-D540-4814-A775-D3C7ED7F2004}.Debug|Any CPU.ActiveCfg = Debug|Any CPU
		{899A3D12-D540-4814-A775-D3C7ED7F2004}.Debug|Any CPU.Build.0 = Debug|Any CPU
		{899A3D12-D540-4814-A775-D3C7ED7F2004}.Release|Any CPU.ActiveCfg = Release|Any CPU
		{899A3D12-D540-4814-A775-D3C7ED7F2004}.Release|Any CPU.Build.0 = Release|Any CPU
	EndGlobalSection
	GlobalSection(SolutionProperties) = preSolution
		HideSolutionNode = FALSE
	EndGlobalSection
	GlobalSection(ExtensibilityGlobals) = postSolution
		SolutionGuid = {0E5A66DA-0DBC-4DF5-A774-0E5413CE4805}
	EndGlobalSection
EndGlobal
